
Microsoft Visual Studio Solution File, Format Version 12.00
# Visual Studio Version 17
VisualStudioVersion = 17.10.35013.160
MinimumVisualStudioVersion = 10.0.40219.1
Project("{FAE04EC0-301F-11D3-BF4B-00C04F79EFBC}") = "31.10 СП", "31.10 СП.csproj", "{5A85C384-61CF-4135-8D2D-19CBD6CD1786}"
EndProject
Global
	GlobalSection(SolutionConfigurationPlatforms) = preSolution
		Debug|Any CPU = Debug|Any CPU
		Release|Any CPU = Release|Any CPU
	EndGlobalSection
	GlobalSection(ProjectConfigurationPlatforms) = postSolution
		{5A85C384-61CF-4135-8D2D-19CBD6CD1786}.Debug|Any CPU.ActiveCfg = Debug|Any CPU
		{5A85C384-61CF-4135-8D2D-19CBD6CD1786}.Debug|Any CPU.Build.0 = Debug|Any CPU
		{5A85C384-61CF-4135-8D2D-19CBD6CD1786}.Release|Any CPU.ActiveCfg = Release|Any CPU
		{5A85C384-61CF-4135-8D2D-19CBD6CD1786}.Release|Any CPU.Build.0 = Release|Any CPU
	EndGlobalSection
	GlobalSection(SolutionProperties) = preSolution
		HideSolutionNode = FALSE
	EndGlobalSection
	GlobalSection(ExtensibilityGlobals) = postSolution
		SolutionGuid = {680B8773-32CF-491C-9146-7C20E5956A26}
	EndGlobalSection
EndGlobal
